
Microsoft Visual Studio Solution File, Format Version 12.00
# Visual Studio 15
VisualStudioVersion = 15.0.28010.2019
MinimumVisualStudioVersion = 10.0.40219.1
Project("{FAE04EC0-301F-11D3-BF4B-00C04F79EFBC}") = "CAM", "CAM\CAM.csproj", "{1D5B80A5-894B-42D1-A785-835D2719F50D}"
EndProject
Global
	GlobalSection(SolutionConfigurationPlatforms) = preSolution
		Debug|x64 = Debug|x64
	EndGlobalSection
	GlobalSection(ProjectConfigurationPlatforms) = postSolution
		{1D5B80A5-894B-42D1-A785-835D2719F50D}.Debug|x64.ActiveCfg = Debug|x64
		{1D5B80A5-894B-42D1-A785-835D2719F50D}.Debug|x64.Build.0 = Debug|x64
	EndGlobalSection
	GlobalSection(SolutionProperties) = preSolution
		HideSolutionNode = FALSE
	EndGlobalSection
	GlobalSection(ExtensibilityGlobals) = postSolution
		SolutionGuid = {226FEC43-1397-4C77-B70D-D840BB6E71B4}
	EndGlobalSection
EndGlobal
